
Microsoft Visual Studio Solution File, Format Version 12.00
# Visual Studio Version 17
VisualStudioVersion = 17.5.33424.131
MinimumVisualStudioVersion = 10.0.40219.1
Project("{FAE04EC0-301F-11D3-BF4B-00C04F79EFBC}") = "Suma", "Suma\Suma.csproj", "{19D1E1DC-AC4A-453E-84AB-2E4FA827C690}"
EndProject
Project("{FAE04EC0-301F-11D3-BF4B-00C04F79EFBC}") = "AñoBisiesto", "AñoBisiesto\AñoBisiesto.csproj", "{92506849-CB5A-4F3B-B638-6A99B2477CF4}"
EndProject
Project("{FAE04EC0-301F-11D3-BF4B-00C04F79EFBC}") = "Serie De Fibonacci", "Serie De Fibonacci\Serie De Fibonacci.csproj", "{FA6358B0-515F-416B-B8D1-ACEB4A8A6107}"
EndProject
Project("{FAE04EC0-301F-11D3-BF4B-00C04F79EFBC}") = "Pares", "Pares\Pares.csproj", "{B2C72664-DCAB-475E-B55E-B41106A2948D}"
EndProject
Project("{FAE04EC0-301F-11D3-BF4B-00C04F79EFBC}") = "Mes del Año", "Mes del Año\Mes del Año.csproj", "{A5388B09-212C-4F60-A65D-C01FB7C1427F}"
EndProject
Project("{FAE04EC0-301F-11D3-BF4B-00C04F79EFBC}") = "transformar a romano", "transformar a romano\transformar a romano.csproj", "{C73FC513-3FEF-4783-B551-683C52407617}"
EndProject
Project("{FAE04EC0-301F-11D3-BF4B-00C04F79EFBC}") = "numeros primos", "numeros primos\numeros primos.csproj", "{9C0D6571-A3A1-443F-88EE-94C3823B7F06}"
EndProject
Project("{FAE04EC0-301F-11D3-BF4B-00C04F79EFBC}") = "Ingreso de una clave", "Ingreso de una clave\Ingreso de una clave.csproj", "{EA86ED90-D939-4970-8000-E53756204A12}"
EndProject
Project("{FAE04EC0-301F-11D3-BF4B-00C04F79EFBC}") = "triangulo", "triangulo\triangulo.csproj", "{97240CEE-C720-48FA-8160-A4CB5A7DCF7D}"
EndProject
Global
	GlobalSection(SolutionConfigurationPlatforms) = preSolution
		Debug|Any CPU = Debug|Any CPU
		Release|Any CPU = Release|Any CPU
	EndGlobalSection
	GlobalSection(ProjectConfigurationPlatforms) = postSolution
		{19D1E1DC-AC4A-453E-84AB-2E4FA827C690}.Debug|Any CPU.ActiveCfg = Debug|Any CPU
		{19D1E1DC-AC4A-453E-84AB-2E4FA827C690}.Debug|Any CPU.Build.0 = Debug|Any CPU
		{19D1E1DC-AC4A-453E-84AB-2E4FA827C690}.Release|Any CPU.ActiveCfg = Release|Any CPU
		{19D1E1DC-AC4A-453E-84AB-2E4FA827C690}.Release|Any CPU.Build.0 = Release|Any CPU
		{92506849-CB5A-4F3B-B638-6A99B2477CF4}.Debug|Any CPU.ActiveCfg = Debug|Any CPU
		{92506849-CB5A-4F3B-B638-6A99B2477CF4}.Debug|Any CPU.Build.0 = Debug|Any CPU
		{92506849-CB5A-4F3B-B638-6A99B2477CF4}.Release|Any CPU.ActiveCfg = Release|Any CPU
		{92506849-CB5A-4F3B-B638-6A99B2477CF4}.Release|Any CPU.Build.0 = Release|Any CPU
		{FA6358B0-515F-416B-B8D1-ACEB4A8A6107}.Debug|Any CPU.ActiveCfg = Debug|Any CPU
		{FA6358B0-515F-416B-B8D1-ACEB4A8A6107}.Debug|Any CPU.Build.0 = Debug|Any CPU
		{FA6358B0-515F-416B-B8D1-ACEB4A8A6107}.Release|Any CPU.ActiveCfg = Release|Any CPU
		{FA6358B0-515F-416B-B8D1-ACEB4A8A6107}.Release|Any CPU.Build.0 = Release|Any CPU
		{B2C72664-DCAB-475E-B55E-B41106A2948D}.Debug|Any CPU.ActiveCfg = Debug|Any CPU
		{B2C72664-DCAB-475E-B55E-B41106A2948D}.Debug|Any CPU.Build.0 = Debug|Any CPU
		{B2C72664-DCAB-475E-B55E-B41106A2948D}.Release|Any CPU.ActiveCfg = Release|Any CPU
		{B2C72664-DCAB-475E-B55E-B41106A2948D}.Release|Any CPU.Build.0 = Release|Any CPU
		{A5388B09-212C-4F60-A65D-C01FB7C1427F}.Debug|Any CPU.ActiveCfg = Debug|Any CPU
		{A5388B09-212C-4F60-A65D-C01FB7C1427F}.Debug|Any CPU.Build.0 = Debug|Any CPU
		{A5388B09-212C-4F60-A65D-C01FB7C1427F}.Release|Any CPU.ActiveCfg = Release|Any CPU
		{A5388B09-212C-4F60-A65D-C01FB7C1427F}.Release|Any CPU.Build.0 = Release|Any CPU
		{C73FC513-3FEF-4783-B551-683C52407617}.Debug|Any CPU.ActiveCfg = Debug|Any CPU
		{C73FC513-3FEF-4783-B551-683C52407617}.Debug|Any CPU.Build.0 = Debug|Any CPU
		{C73FC513-3FEF-4783-B551-683C52407617}.Release|Any CPU.ActiveCfg = Release|Any CPU
		{C73FC513-3FEF-4783-B551-683C52407617}.Release|Any CPU.Build.0 = Release|Any CPU
		{9C0D6571-A3A1-443F-88EE-94C3823B7F06}.Debug|Any CPU.ActiveCfg = Debug|Any CPU
		{9C0D6571-A3A1-443F-88EE-94C3823B7F06}.Debug|Any CPU.Build.0 = Debug|Any CPU
		{9C0D6571-A3A1-443F-88EE-94C3823B7F06}.Release|Any CPU.ActiveCfg = Release|Any CPU
		{9C0D6571-A3A1-443F-88EE-94C3823B7F06}.Release|Any CPU.Build.0 = Release|Any CPU
		{EA86ED90-D939-4970-8000-E53756204A12}.Debug|Any CPU.ActiveCfg = Debug|Any CPU
		{EA86ED90-D939-4970-8000-E53756204A12}.Debug|Any CPU.Build.0 = Debug|Any CPU
		{EA86ED90-D939-4970-8000-E53756204A12}.Release|Any CPU.ActiveCfg = Release|Any CPU
		{EA86ED90-D939-4970-8000-E53756204A12}.Release|Any CPU.Build.0 = Release|Any CPU
		{97240CEE-C720-48FA-8160-A4CB5A7DCF7D}.Debug|Any CPU.ActiveCfg = Debug|Any CPU
		{97240CEE-C720-48FA-8160-A4CB5A7DCF7D}.Debug|Any CPU.Build.0 = Debug|Any CPU
		{97240CEE-C720-48FA-8160-A4CB5A7DCF7D}.Release|Any CPU.ActiveCfg = Release|Any CPU
		{97240CEE-C720-48FA-8160-A4CB5A7DCF7D}.Release|Any CPU.Build.0 = Release|Any CPU
	EndGlobalSection
	GlobalSection(SolutionProperties) = preSolution
		HideSolutionNode = FALSE
	EndGlobalSection
	GlobalSection(ExtensibilityGlobals) = postSolution
		SolutionGuid = {FC17B1F5-1100-4940-9ECE-E5A807FA0F73}
	EndGlobalSection
EndGlobal
